{
  "name": "language-ocaml",
  "version": "3.0.4",
  "lockfileVersion": 1,
  "requires": true,
  "dependencies": {
    "atom-grammar-test": {
      "version": "0.6.4",
      "resolved": "https://registry.npmjs.org/atom-grammar-test/-/atom-grammar-test-0.6.4.tgz",
      "integrity": "sha1-2KU1A9H+k5mX9Ji3SirDEARKfU4=",
      "dev": true,
      "requires": {
        "chevrotain": "^0.18.0",
        "escape-string-regexp": "^1.0.5"
      }
    },
    "chevrotain": {
      "version": "0.18.0",
      "resolved": "https://registry.npmjs.org/chevrotain/-/chevrotain-0.18.0.tgz",
      "integrity": "sha1-sodxTjFZC64sXR4vYRZz7+xHnYA=",
      "dev": true
    },
    "escape-string-regexp": {
      "version": "1.0.5",
      "resolved": "https://registry.npmjs.org/escape-string-regexp/-/escape-string-regexp-1.0.5.tgz",
      "integrity": "sha1-G2HAViGQqN/2rjuyzwIAyhMLhtQ=",
      "dev": true
    },
    "nan": {
      "version": "2.11.0",
      "resolved": "https://registry.npmjs.org/nan/-/nan-2.11.0.tgz",
      "integrity": "sha512-F4miItu2rGnV2ySkXOQoA8FKz/SR2Q2sWP0sbTxNxz/tuokeC8WxOhPMcwi0qIyGtVn/rrSeLbvVkznqCdwYnw=="
    },
    "tree-sitter-menhir": {
      "version": "0.1.2",
      "resolved": "https://registry.npmjs.org/tree-sitter-menhir/-/tree-sitter-menhir-0.1.2.tgz",
      "integrity": "sha512-DOF/niTUW5h/D9ICncbn3HqGrPHNShxbvzWekNMz+pemHkvSIAL+aJIvS9x4NetQTLy1jTVIEI43lEYtaG8V2A==",
      "requires": {
        "nan": "^2.12.1"
      },
      "dependencies": {
        "nan": {
          "version": "2.13.1",
          "resolved": "https://registry.npmjs.org/nan/-/nan-2.13.1.tgz",
          "integrity": "sha512-I6YB/YEuDeUZMmhscXKxGgZlFnhsn5y0hgOZBadkzfTRrZBtJDZeg6eQf7PYMIEclwmorTKK8GztsyOUSVBREA=="
        }
      }
    },
    "tree-sitter-ocaml": {
      "version": "0.13.1",
      "resolved": "https://registry.npmjs.org/tree-sitter-ocaml/-/tree-sitter-ocaml-0.13.1.tgz",
      "integrity": "sha512-uG0KN2inrSqWq+ZCrx3zn9pHhySX8v7uXrSkGgoopAVNRUFizBwXY/f8Om50r+Y6eA0s32/7zjNMv+93UDBh3w==",
      "requires": {
        "nan": "^2.10.0"
      }
    },
    "tree-sitter-ocamllex": {
      "version": "0.13.0",
      "resolved": "https://registry.npmjs.org/tree-sitter-ocamllex/-/tree-sitter-ocamllex-0.13.0.tgz",
      "integrity": "sha512-UxpRVK1yZm68k7JpkrK7y70iaFB0A4pe/f/EFdPO6aBGtQ/Kt4kiXNEIqyciIpNtRIBpbO3p0BGCPopU1eWoww==",
      "requires": {
        "nan": "^2.10.0"
      }
    }
  }
}
